
Microsoft Visual Studio Solution File, Format Version 12.00
# Visual Studio Version 17
VisualStudioVersion = 17.14.36301.6
MinimumVisualStudioVersion = 10.0.40219.1
Project("{2150E333-8FDC-42A3-9474-1A3956D46DE8}") = "Task0", "Task0", "{02EA681E-C7D8-13C7-8484-4AC65E1B71E8}"
EndProject
Project("{FAE04EC0-301F-11D3-BF4B-00C04F79EFBC}") = "Tyuiu.PolyakovaAS.Sprint2.Task0.V13", "Tyuiu.PolyakovaAS.Sprint2.Task0.V13\Tyuiu.PolyakovaAS.Sprint2.Task0.V13.csproj", "{61192053-77DA-4227-9BA3-D3585EAE76D1}"
EndProject
Project("{FAE04EC0-301F-11D3-BF4B-00C04F79EFBC}") = "Tyuiu.PolyakovaAS.Sprint2.Task0.V13.Lib", "Tyuiu.PolyakovaAS.Sprint2.Task0.V13.Lib\Tyuiu.PolyakovaAS.Sprint2.Task0.V13.Lib.csproj", "{F94829CF-CD8F-4586-80DA-FFDF7600FDDB}"
EndProject
Project("{FAE04EC0-301F-11D3-BF4B-00C04F79EFBC}") = "Tyuiu.PolyakovaAS.Sprint2.Task0.V13.Test", "Tyuiu.PolyakovaAS.Sprint2.Task0.V13.Test\Tyuiu.PolyakovaAS.Sprint2.Task0.V13.Test.csproj", "{DCD8BC08-AEAA-4238-BEBC-B10D8DCE8DFA}"
EndProject
Project("{2150E333-8FDC-42A3-9474-1A3956D46DE8}") = "Task1", "Task1", "{112E10F4-B02F-480D-871B-75F92381EF3E}"
EndProject
Project("{FAE04EC0-301F-11D3-BF4B-00C04F79EFBC}") = "Tyuiu.PolyakovaAS.Sprint2.Task1.V30", "Tyuiu.PolyakovaAS.Sprint2.Task1.V30\Tyuiu.PolyakovaAS.Sprint2.Task1.V30.csproj", "{67B39261-FA67-44BA-879B-015261560F01}"
EndProject
Project("{FAE04EC0-301F-11D3-BF4B-00C04F79EFBC}") = "Tyuiu.PolyakovaAS.Sprint2.Task1.V30.Lib", "Tyuiu.PolyakovaAS.Sprint2.Task1.V30.Lib\Tyuiu.PolyakovaAS.Sprint2.Task1.V30.Lib.csproj", "{820E338D-FA56-4253-9EE6-16374D70A892}"
EndProject
Project("{FAE04EC0-301F-11D3-BF4B-00C04F79EFBC}") = "Tyuiu.PolyakovaAS.Sprint2.Task1.V30.Test", "Tyuiu.PolyakovaAS.Sprint2.Task1.V30.Test\Tyuiu.PolyakovaAS.Sprint2.Task1.V30.Test.csproj", "{87AE5CE5-A351-4C8B-8F89-6E51A4B007DB}"
EndProject
Project("{2150E333-8FDC-42A3-9474-1A3956D46DE8}") = "Task2", "Task2", "{7D039E71-9FFF-4B6C-A04D-995068F58B22}"
EndProject
Project("{FAE04EC0-301F-11D3-BF4B-00C04F79EFBC}") = "Tyuiu.PolyakovaAS.Sprint2.Task2.V14", "Tyuiu.PolyakovaAS.Sprint2.Task2.V14\Tyuiu.PolyakovaAS.Sprint2.Task2.V14.csproj", "{8CFC0DE3-839D-4B06-8AA0-9FBB5932EC0F}"
EndProject
Project("{FAE04EC0-301F-11D3-BF4B-00C04F79EFBC}") = "Tyuiu.PolyakovaAS.Sprint2.Task2.V14.Lib", "Tyuiu.PolyakovaAS.Sprint2.Task2.V14.Lib\Tyuiu.PolyakovaAS.Sprint2.Task2.V14.Lib.csproj", "{2735EFCB-A46B-476E-A41D-1D98005FFF6C}"
EndProject
Project("{FAE04EC0-301F-11D3-BF4B-00C04F79EFBC}") = "Tyuiu.PolyakovaAS.Sprint2.Task2.V14.Test", "Tyuiu.PolyakovaAS.Sprint2.Task2.V14.Test\Tyuiu.PolyakovaAS.Sprint2.Task2.V14.Test.csproj", "{5E374B86-2F97-4DE8-8366-DF50D8BD8660}"
EndProject
Project("{2150E333-8FDC-42A3-9474-1A3956D46DE8}") = "Task3", "Task3", "{18B4C2A0-0B01-488C-AA0B-BF279C9A61E5}"
EndProject
Project("{FAE04EC0-301F-11D3-BF4B-00C04F79EFBC}") = "Tyuiu.PolyakovaAS.Sprint2.Task3.V4", "Tyuiu.PolyakovaAS.Sprint2.Task3.V4\Tyuiu.PolyakovaAS.Sprint2.Task3.V4.csproj", "{4BC3E84D-423E-4957-A817-8E98DF486643}"
EndProject
Project("{FAE04EC0-301F-11D3-BF4B-00C04F79EFBC}") = "Tyuiu.PolyakovaAS.Sprint2.Task3.V4.Lib", "Tyuiu.PolyakovaAS.Sprint2.Task3.V4.Lib\Tyuiu.PolyakovaAS.Sprint2.Task3.V4.Lib.csproj", "{423179F0-DBCC-4475-8688-A7A287455CC4}"
EndProject
Project("{FAE04EC0-301F-11D3-BF4B-00C04F79EFBC}") = "Tyuiu.PolyakovaAS.Sprint2.Task3.V4.Test", "Tyuiu.PolyakovaAS.Sprint2.Task3.V4.Test\Tyuiu.PolyakovaAS.Sprint2.Task3.V4.Test.csproj", "{B14AA8B5-3864-475A-935B-6BEF78B55C2A}"
EndProject
Project("{2150E333-8FDC-42A3-9474-1A3956D46DE8}") = "Task4", "Task4", "{FA6E48EF-BE12-46D6-8073-3244E49B1554}"
EndProject
Project("{FAE04EC0-301F-11D3-BF4B-00C04F79EFBC}") = "Tyuiu.PolyakovaAS.Sprint2.Task4.V13", "Tyuiu.PolyakovaAS.Sprint2.Task4.V13\Tyuiu.PolyakovaAS.Sprint2.Task4.V13.csproj", "{A795F1F8-4D11-45D7-AD97-3B2A42C1B7C8}"
EndProject
Project("{FAE04EC0-301F-11D3-BF4B-00C04F79EFBC}") = "Tyuiu.PolyakovaAS.Sprint2.Task4.V13.Lib", "Tyuiu.PolyakovaAS.Sprint2.Task4.V13.Lib\Tyuiu.PolyakovaAS.Sprint2.Task4.V13.Lib.csproj", "{F67CCB43-9CA7-4D4C-8933-8C236AA47545}"
EndProject
Project("{FAE04EC0-301F-11D3-BF4B-00C04F79EFBC}") = "Tyuiu.PolyakovaAS.Sprint2.Task4.V13.Test", "Tyuiu.PolyakovaAS.Sprint2.Task4.V13.Test\Tyuiu.PolyakovaAS.Sprint2.Task4.V13.Test.csproj", "{E4E5E610-705E-456E-AEDA-0AE684E8214A}"
EndProject
Project("{2150E333-8FDC-42A3-9474-1A3956D46DE8}") = "Task5", "Task5", "{8ECB1AF4-C287-4DA9-A019-D99CCA45B401}"
EndProject
Project("{FAE04EC0-301F-11D3-BF4B-00C04F79EFBC}") = "Tyuiu.PolyakovaAS.Sprint2.Task5.V13", "Tyuiu.PolyakovaAS.Sprint2.Task5.V13\Tyuiu.PolyakovaAS.Sprint2.Task5.V13.csproj", "{40A8C2BC-73F4-498A-B6C8-D0951AD83F4D}"
EndProject
Project("{FAE04EC0-301F-11D3-BF4B-00C04F79EFBC}") = "Tyuiu.PolyakovaAS.Sprint2.Task5.V13.Lib", "Tyuiu.PolyakovaAS.Sprint2.Task5.V13.Lib\Tyuiu.PolyakovaAS.Sprint2.Task5.V13.Lib.csproj", "{FB92011E-D593-4345-A964-EB7D0B08FF8D}"
EndProject
Project("{FAE04EC0-301F-11D3-BF4B-00C04F79EFBC}") = "Tyuiu.PolyakovaAS.Sprint2.Task5.V13.Test", "Tyuiu.PolyakovaAS.Sprint2.Task5.V13.Test\Tyuiu.PolyakovaAS.Sprint2.Task5.V13.Test.csproj", "{15EF7A6A-6021-4053-ACDD-C531EB90BEB4}"
EndProject
Project("{2150E333-8FDC-42A3-9474-1A3956D46DE8}") = "Task6", "Task6", "{DBC5B142-2F4F-4C55-9C59-3EA3D5E953B1}"
EndProject
Project("{FAE04EC0-301F-11D3-BF4B-00C04F79EFBC}") = "Tyuiu.PolyakovaAS.Sprint2.Task6.V11", "Tyuiu.PolyakovaAS.Sprint2.Task6.V11\Tyuiu.PolyakovaAS.Sprint2.Task6.V11.csproj", "{1C71DD89-C0D1-4145-BA25-444D65664D78}"
EndProject
Project("{FAE04EC0-301F-11D3-BF4B-00C04F79EFBC}") = "Tyuiu.PolyakovaAS.Sprint2.Task6.V11.Lib", "Tyuiu.PolyakovaAS.Sprint2.Task6.V11.Lib\Tyuiu.PolyakovaAS.Sprint2.Task6.V11.Lib.csproj", "{E73BEF84-8697-4946-9574-34BF6F84FA85}"
EndProject
Project("{FAE04EC0-301F-11D3-BF4B-00C04F79EFBC}") = "Tyuiu.PolyakovaAS.Sprint2.Task6.V11.Test", "Tyuiu.PolyakovaAS.Sprint2.Task6.V11.Test\Tyuiu.PolyakovaAS.Sprint2.Task6.V11.Test.csproj", "{3D932EE0-CB80-4179-B274-2BDA1D4A8652}"
EndProject
Project("{2150E333-8FDC-42A3-9474-1A3956D46DE8}") = "Task7", "Task7", "{8CE966D9-9D0D-425A-B870-ADF24ADB0FA1}"
EndProject
Project("{FAE04EC0-301F-11D3-BF4B-00C04F79EFBC}") = "Tyuiu.PolyakovaAS.Sprint2.Task7.V1", "Tyuiu.PolyakovaAS.Sprint2.Task7.V1\Tyuiu.PolyakovaAS.Sprint2.Task7.V1.csproj", "{6391D9F4-FE7B-45DF-AEDB-0FD2807DB614}"
EndProject
Project("{FAE04EC0-301F-11D3-BF4B-00C04F79EFBC}") = "Tyuiu.PolyakovaAS.Sprint2.Task7.V1.Lib", "Tyuiu.PolyakovaAS.Sprint2.Task7.V1.Lib\Tyuiu.PolyakovaAS.Sprint2.Task7.V1.Lib.csproj", "{49523225-04DE-4F94-BFD6-900405C5ADD6}"
EndProject
Project("{FAE04EC0-301F-11D3-BF4B-00C04F79EFBC}") = "Tyuiu.PolyakovaAS.Sprint2.Task7.V1.Test", "Tyuiu.PolyakovaAS.Sprint2.Task7.V1.Test\Tyuiu.PolyakovaAS.Sprint2.Task7.V1.Test.csproj", "{8E4D4B9C-D6C6-48D3-8596-1DBD43B19586}"
EndProject
Global
	GlobalSection(SolutionConfigurationPlatforms) = preSolution
		Debug|Any CPU = Debug|Any CPU
		Release|Any CPU = Release|Any CPU
	EndGlobalSection
	GlobalSection(ProjectConfigurationPlatforms) = postSolution
		{61192053-77DA-4227-9BA3-D3585EAE76D1}.Debug|Any CPU.ActiveCfg = Debug|Any CPU
		{61192053-77DA-4227-9BA3-D3585EAE76D1}.Debug|Any CPU.Build.0 = Debug|Any CPU
		{61192053-77DA-4227-9BA3-D3585EAE76D1}.Release|Any CPU.ActiveCfg = Release|Any CPU
		{61192053-77DA-4227-9BA3-D3585EAE76D1}.Release|Any CPU.Build.0 = Release|Any CPU
		{F94829CF-CD8F-4586-80DA-FFDF7600FDDB}.Debug|Any CPU.ActiveCfg = Debug|Any CPU
		{F94829CF-CD8F-4586-80DA-FFDF7600FDDB}.Debug|Any CPU.Build.0 = Debug|Any CPU
		{F94829CF-CD8F-4586-80DA-FFDF7600FDDB}.Release|Any CPU.ActiveCfg = Release|Any CPU
		{F94829CF-CD8F-4586-80DA-FFDF7600FDDB}.Release|Any CPU.Build.0 = Release|Any CPU
		{DCD8BC08-AEAA-4238-BEBC-B10D8DCE8DFA}.Debug|Any CPU.ActiveCfg = Debug|Any CPU
		{DCD8BC08-AEAA-4238-BEBC-B10D8DCE8DFA}.Debug|Any CPU.Build.0 = Debug|Any CPU
		{DCD8BC08-AEAA-4238-BEBC-B10D8DCE8DFA}.Release|Any CPU.ActiveCfg = Release|Any CPU
		{DCD8BC08-AEAA-4238-BEBC-B10D8DCE8DFA}.Release|Any CPU.Build.0 = Release|Any CPU
		{67B39261-FA67-44BA-879B-015261560F01}.Debug|Any CPU.ActiveCfg = Debug|Any CPU
		{67B39261-FA67-44BA-879B-015261560F01}.Debug|Any CPU.Build.0 = Debug|Any CPU
		{67B39261-FA67-44BA-879B-015261560F01}.Release|Any CPU.ActiveCfg = Release|Any CPU
		{67B39261-FA67-44BA-879B-015261560F01}.Release|Any CPU.Build.0 = Release|Any CPU
		{820E338D-FA56-4253-9EE6-16374D70A892}.Debug|Any CPU.ActiveCfg = Debug|Any CPU
		{820E338D-FA56-4253-9EE6-16374D70A892}.Debug|Any CPU.Build.0 = Debug|Any CPU
		{820E338D-FA56-4253-9EE6-16374D70A892}.Release|Any CPU.ActiveCfg = Release|Any CPU
		{820E338D-FA56-4253-9EE6-16374D70A892}.Release|Any CPU.Build.0 = Release|Any CPU
		{87AE5CE5-A351-4C8B-8F89-6E51A4B007DB}.Debug|Any CPU.ActiveCfg = Debug|Any CPU
		{87AE5CE5-A351-4C8B-8F89-6E51A4B007DB}.Debug|Any CPU.Build.0 = Debug|Any CPU
		{87AE5CE5-A351-4C8B-8F89-6E51A4B007DB}.Release|Any CPU.ActiveCfg = Release|Any CPU
		{87AE5CE5-A351-4C8B-8F89-6E51A4B007DB}.Release|Any CPU.Build.0 = Release|Any CPU
		{8CFC0DE3-839D-4B06-8AA0-9FBB5932EC0F}.Debug|Any CPU.ActiveCfg = Debug|Any CPU
		{8CFC0DE3-839D-4B06-8AA0-9FBB5932EC0F}.Debug|Any CPU.Build.0 = Debug|Any CPU
		{8CFC0DE3-839D-4B06-8AA0-9FBB5932EC0F}.Release|Any CPU.ActiveCfg = Release|Any CPU
		{8CFC0DE3-839D-4B06-8AA0-9FBB5932EC0F}.Release|Any CPU.Build.0 = Release|Any CPU
		{2735EFCB-A46B-476E-A41D-1D98005FFF6C}.Debug|Any CPU.ActiveCfg = Debug|Any CPU
		{2735EFCB-A46B-476E-A41D-1D98005FFF6C}.Debug|Any CPU.Build.0 = Debug|Any CPU
		{2735EFCB-A46B-476E-A41D-1D98005FFF6C}.Release|Any CPU.ActiveCfg = Release|Any CPU
		{2735EFCB-A46B-476E-A41D-1D98005FFF6C}.Release|Any CPU.Build.0 = Release|Any CPU
		{5E374B86-2F97-4DE8-8366-DF50D8BD8660}.Debug|Any CPU.ActiveCfg = Debug|Any CPU
		{5E374B86-2F97-4DE8-8366-DF50D8BD8660}.Debug|Any CPU.Build.0 = Debug|Any CPU
		{5E374B86-2F97-4DE8-8366-DF50D8BD8660}.Release|Any CPU.ActiveCfg = Release|Any CPU
		{5E374B86-2F97-4DE8-8366-DF50D8BD8660}.Release|Any CPU.Build.0 = Release|Any CPU
		{4BC3E84D-423E-4957-A817-8E98DF486643}.Debug|Any CPU.ActiveCfg = Debug|Any CPU
		{4BC3E84D-423E-4957-A817-8E98DF486643}.Debug|Any CPU.Build.0 = Debug|Any CPU
		{4BC3E84D-423E-4957-A817-8E98DF486643}.Release|Any CPU.ActiveCfg = Release|Any CPU
		{4BC3E84D-423E-4957-A817-8E98DF486643}.Release|Any CPU.Build.0 = Release|Any CPU
		{423179F0-DBCC-4475-8688-A7A287455CC4}.Debug|Any CPU.ActiveCfg = Debug|Any CPU
		{423179F0-DBCC-4475-8688-A7A287455CC4}.Debug|Any CPU.Build.0 = Debug|Any CPU
		{423179F0-DBCC-4475-8688-A7A287455CC4}.Release|Any CPU.ActiveCfg = Release|Any CPU
		{423179F0-DBCC-4475-8688-A7A287455CC4}.Release|Any CPU.Build.0 = Release|Any CPU
		{B14AA8B5-3864-475A-935B-6BEF78B55C2A}.Debug|Any CPU.ActiveCfg = Debug|Any CPU
		{B14AA8B5-3864-475A-935B-6BEF78B55C2A}.Debug|Any CPU.Build.0 = Debug|Any CPU
		{B14AA8B5-3864-475A-935B-6BEF78B55C2A}.Release|Any CPU.ActiveCfg = Release|Any CPU
		{B14AA8B5-3864-475A-935B-6BEF78B55C2A}.Release|Any CPU.Build.0 = Release|Any CPU
		{A795F1F8-4D11-45D7-AD97-3B2A42C1B7C8}.Debug|Any CPU.ActiveCfg = Debug|Any CPU
		{A795F1F8-4D11-45D7-AD97-3B2A42C1B7C8}.Debug|Any CPU.Build.0 = Debug|Any CPU
		{A795F1F8-4D11-45D7-AD97-3B2A42C1B7C8}.Release|Any CPU.ActiveCfg = Release|Any CPU
		{A795F1F8-4D11-45D7-AD97-3B2A42C1B7C8}.Release|Any CPU.Build.0 = Release|Any CPU
		{F67CCB43-9CA7-4D4C-8933-8C236AA47545}.Debug|Any CPU.ActiveCfg = Debug|Any CPU
		{F67CCB43-9CA7-4D4C-8933-8C236AA47545}.Debug|Any CPU.Build.0 = Debug|Any CPU
		{F67CCB43-9CA7-4D4C-8933-8C236AA47545}.Release|Any CPU.ActiveCfg = Release|Any CPU
		{F67CCB43-9CA7-4D4C-8933-8C236AA47545}.Release|Any CPU.Build.0 = Release|Any CPU
		{E4E5E610-705E-456E-AEDA-0AE684E8214A}.Debug|Any CPU.ActiveCfg = Debug|Any CPU
		{E4E5E610-705E-456E-AEDA-0AE684E8214A}.Debug|Any CPU.Build.0 = Debug|Any CPU
		{E4E5E610-705E-456E-AEDA-0AE684E8214A}.Release|Any CPU.ActiveCfg = Release|Any CPU
		{E4E5E610-705E-456E-AEDA-0AE684E8214A}.Release|Any CPU.Build.0 = Release|Any CPU
		{40A8C2BC-73F4-498A-B6C8-D0951AD83F4D}.Debug|Any CPU.ActiveCfg = Debug|Any CPU
		{40A8C2BC-73F4-498A-B6C8-D0951AD83F4D}.Debug|Any CPU.Build.0 = Debug|Any CPU
		{40A8C2BC-73F4-498A-B6C8-D0951AD83F4D}.Release|Any CPU.ActiveCfg = Release|Any CPU
		{40A8C2BC-73F4-498A-B6C8-D0951AD83F4D}.Release|Any CPU.Build.0 = Release|Any CPU
		{FB92011E-D593-4345-A964-EB7D0B08FF8D}.Debug|Any CPU.ActiveCfg = Debug|Any CPU
		{FB92011E-D593-4345-A964-EB7D0B08FF8D}.Debug|Any CPU.Build.0 = Debug|Any CPU
		{FB92011E-D593-4345-A964-EB7D0B08FF8D}.Release|Any CPU.ActiveCfg = Release|Any CPU
		{FB92011E-D593-4345-A964-EB7D0B08FF8D}.Release|Any CPU.Build.0 = Release|Any CPU
		{15EF7A6A-6021-4053-ACDD-C531EB90BEB4}.Debug|Any CPU.ActiveCfg = Debug|Any CPU
		{15EF7A6A-6021-4053-ACDD-C531EB90BEB4}.Debug|Any CPU.Build.0 = Debug|Any CPU
		{15EF7A6A-6021-4053-ACDD-C531EB90BEB4}.Release|Any CPU.ActiveCfg = Release|Any CPU
		{15EF7A6A-6021-4053-ACDD-C531EB90BEB4}.Release|Any CPU.Build.0 = Release|Any CPU
		{1C71DD89-C0D1-4145-BA25-444D65664D78}.Debug|Any CPU.ActiveCfg = Debug|Any CPU
		{1C71DD89-C0D1-4145-BA25-444D65664D78}.Debug|Any CPU.Build.0 = Debug|Any CPU
		{1C71DD89-C0D1-4145-BA25-444D65664D78}.Release|Any CPU.ActiveCfg = Release|Any CPU
		{1C71DD89-C0D1-4145-BA25-444D65664D78}.Release|Any CPU.Build.0 = Release|Any CPU
		{E73BEF84-8697-4946-9574-34BF6F84FA85}.Debug|Any CPU.ActiveCfg = Debug|Any CPU
		{E73BEF84-8697-4946-9574-34BF6F84FA85}.Debug|Any CPU.Build.0 = Debug|Any CPU
		{E73BEF84-8697-4946-9574-34BF6F84FA85}.Release|Any CPU.ActiveCfg = Release|Any CPU
		{E73BEF84-8697-4946-9574-34BF6F84FA85}.Release|Any CPU.Build.0 = Release|Any CPU
		{3D932EE0-CB80-4179-B274-2BDA1D4A8652}.Debug|Any CPU.ActiveCfg = Debug|Any CPU
		{3D932EE0-CB80-4179-B274-2BDA1D4A8652}.Debug|Any CPU.Build.0 = Debug|Any CPU
		{3D932EE0-CB80-4179-B274-2BDA1D4A8652}.Release|Any CPU.ActiveCfg = Release|Any CPU
		{3D932EE0-CB80-4179-B274-2BDA1D4A8652}.Release|Any CPU.Build.0 = Release|Any CPU
		{6391D9F4-FE7B-45DF-AEDB-0FD2807DB614}.Debug|Any CPU.ActiveCfg = Debug|Any CPU
		{6391D9F4-FE7B-45DF-AEDB-0FD2807DB614}.Debug|Any CPU.Build.0 = Debug|Any CPU
		{6391D9F4-FE7B-45DF-AEDB-0FD2807DB614}.Release|Any CPU.ActiveCfg = Release|Any CPU
		{6391D9F4-FE7B-45DF-AEDB-0FD2807DB614}.Release|Any CPU.Build.0 = Release|Any CPU
		{49523225-04DE-4F94-BFD6-900405C5ADD6}.Debug|Any CPU.ActiveCfg = Debug|Any CPU
		{49523225-04DE-4F94-BFD6-900405C5ADD6}.Debug|Any CPU.Build.0 = Debug|Any CPU
		{49523225-04DE-4F94-BFD6-900405C5ADD6}.Release|Any CPU.ActiveCfg = Release|Any CPU
		{49523225-04DE-4F94-BFD6-900405C5ADD6}.Release|Any CPU.Build.0 = Release|Any CPU
		{8E4D4B9C-D6C6-48D3-8596-1DBD43B19586}.Debug|Any CPU.ActiveCfg = Debug|Any CPU
		{8E4D4B9C-D6C6-48D3-8596-1DBD43B19586}.Debug|Any CPU.Build.0 = Debug|Any CPU
		{8E4D4B9C-D6C6-48D3-8596-1DBD43B19586}.Release|Any CPU.ActiveCfg = Release|Any CPU
		{8E4D4B9C-D6C6-48D3-8596-1DBD43B19586}.Release|Any CPU.Build.0 = Release|Any CPU
	EndGlobalSection
	GlobalSection(SolutionProperties) = preSolution
		HideSolutionNode = FALSE
	EndGlobalSection
	GlobalSection(NestedProjects) = preSolution
		{61192053-77DA-4227-9BA3-D3585EAE76D1} = {02EA681E-C7D8-13C7-8484-4AC65E1B71E8}
		{F94829CF-CD8F-4586-80DA-FFDF7600FDDB} = {02EA681E-C7D8-13C7-8484-4AC65E1B71E8}
		{DCD8BC08-AEAA-4238-BEBC-B10D8DCE8DFA} = {02EA681E-C7D8-13C7-8484-4AC65E1B71E8}
		{67B39261-FA67-44BA-879B-015261560F01} = {112E10F4-B02F-480D-871B-75F92381EF3E}
		{820E338D-FA56-4253-9EE6-16374D70A892} = {112E10F4-B02F-480D-871B-75F92381EF3E}
		{87AE5CE5-A351-4C8B-8F89-6E51A4B007DB} = {112E10F4-B02F-480D-871B-75F92381EF3E}
		{8CFC0DE3-839D-4B06-8AA0-9FBB5932EC0F} = {7D039E71-9FFF-4B6C-A04D-995068F58B22}
		{2735EFCB-A46B-476E-A41D-1D98005FFF6C} = {7D039E71-9FFF-4B6C-A04D-995068F58B22}
		{5E374B86-2F97-4DE8-8366-DF50D8BD8660} = {7D039E71-9FFF-4B6C-A04D-995068F58B22}
		{4BC3E84D-423E-4957-A817-8E98DF486643} = {18B4C2A0-0B01-488C-AA0B-BF279C9A61E5}
		{423179F0-DBCC-4475-8688-A7A287455CC4} = {18B4C2A0-0B01-488C-AA0B-BF279C9A61E5}
		{B14AA8B5-3864-475A-935B-6BEF78B55C2A} = {18B4C2A0-0B01-488C-AA0B-BF279C9A61E5}
		{A795F1F8-4D11-45D7-AD97-3B2A42C1B7C8} = {FA6E48EF-BE12-46D6-8073-3244E49B1554}
		{F67CCB43-9CA7-4D4C-8933-8C236AA47545} = {FA6E48EF-BE12-46D6-8073-3244E49B1554}
		{E4E5E610-705E-456E-AEDA-0AE684E8214A} = {FA6E48EF-BE12-46D6-8073-3244E49B1554}
		{40A8C2BC-73F4-498A-B6C8-D0951AD83F4D} = {8ECB1AF4-C287-4DA9-A019-D99CCA45B401}
		{FB92011E-D593-4345-A964-EB7D0B08FF8D} = {8ECB1AF4-C287-4DA9-A019-D99CCA45B401}
		{15EF7A6A-6021-4053-ACDD-C531EB90BEB4} = {8ECB1AF4-C287-4DA9-A019-D99CCA45B401}
		{1C71DD89-C0D1-4145-BA25-444D65664D78} = {DBC5B142-2F4F-4C55-9C59-3EA3D5E953B1}
		{E73BEF84-8697-4946-9574-34BF6F84FA85} = {DBC5B142-2F4F-4C55-9C59-3EA3D5E953B1}
		{3D932EE0-CB80-4179-B274-2BDA1D4A8652} = {DBC5B142-2F4F-4C55-9C59-3EA3D5E953B1}
		{6391D9F4-FE7B-45DF-AEDB-0FD2807DB614} = {8CE966D9-9D0D-425A-B870-ADF24ADB0FA1}
		{49523225-04DE-4F94-BFD6-900405C5ADD6} = {8CE966D9-9D0D-425A-B870-ADF24ADB0FA1}
		{8E4D4B9C-D6C6-48D3-8596-1DBD43B19586} = {8CE966D9-9D0D-425A-B870-ADF24ADB0FA1}
	EndGlobalSection
	GlobalSection(ExtensibilityGlobals) = postSolution
		SolutionGuid = {9E1B5AB7-C970-4314-8394-07FC8220348C}
	EndGlobalSection
EndGlobal
